
Microsoft Visual Studio Solution File, Format Version 12.00
# Visual Studio Version 16
VisualStudioVersion = 16.0.31424.327
MinimumVisualStudioVersion = 10.0.40219.1
Project("{FAE04EC0-301F-11D3-BF4B-00C04F79EFBC}") = "CotacaoDolar", "CotacaoDolar\CotacaoDolar.csproj", "{FD583B19-13AD-41E8-9578-298480ECB080}"
EndProject
Global
	GlobalSection(SolutionConfigurationPlatforms) = preSolution
		Debug|Any CPU = Debug|Any CPU
		Release|Any CPU = Release|Any CPU
	EndGlobalSection
	GlobalSection(ProjectConfigurationPlatforms) = postSolution
		{FD583B19-13AD-41E8-9578-298480ECB080}.Debug|Any CPU.ActiveCfg = Debug|Any CPU
		{FD583B19-13AD-41E8-9578-298480ECB080}.Debug|Any CPU.Build.0 = Debug|Any CPU
		{FD583B19-13AD-41E8-9578-298480ECB080}.Release|Any CPU.ActiveCfg = Release|Any CPU
		{FD583B19-13AD-41E8-9578-298480ECB080}.Release|Any CPU.Build.0 = Release|Any CPU
	EndGlobalSection
	GlobalSection(SolutionProperties) = preSolution
		HideSolutionNode = FALSE
	EndGlobalSection
	GlobalSection(ExtensibilityGlobals) = postSolution
		SolutionGuid = {B51F4DA6-5ECB-4759-AACD-FF9D1C6D3FFA}
	EndGlobalSection
EndGlobal
